dependencies:
  espressif/esp-zboss-lib:
    component_hash: 8e1a2412dba140ff0815eb24b326324f9127976a6fe7207a03b799fa6f1ddf86
    source:
      service_url: https://api.components.espressif.com/
      type: service
    version: 1.2.2
  espressif/esp-zigbee-lib:
    component_hash: 61f8a7d85c80eeeabdab92ffc069b1cc760259263d394d5402821d3767c69169
    source:
      service_url: https://api.components.espressif.com/
      type: service
    version: 1.2.2
  espressif/led_strip:
    component_hash: 7e92a0c8a2e35b40904f88e88ce3c0dffff504a2763f70fba7ef4787cf2eec83
    source:
      service_url: https://api.components.espressif.com/
      type: service
    version: 2.0.0
  idf:
    component_hash: null
    source:
      type: idf
    version: 5.2.1
manifest_hash: 214be1b7d96e61773ad9336a17b69b70763757f39c32de2a56870f2f82e84762
target: esp32c6
version: 1.0.0
